
Microsoft Visual Studio Solution File, Format Version 12.00
# Visual Studio Version 17
VisualStudioVersion = 17.8.34330.188
MinimumVisualStudioVersion = 10.0.40219.1
Project("{FAE04EC0-301F-11D3-BF4B-00C04F79EFBC}") = "RazorPagesMovie", "RazorPagesMovie\RazorPagesMovie.csproj", "{8704F1B4-6B36-4712-A165-42C47E23A311}"
EndProject
Global
	GlobalSection(SolutionConfigurationPlatforms) = preSolution
		Debug|Any CPU = Debug|Any CPU
		Release|Any CPU = Release|Any CPU
	EndGlobalSection
	GlobalSection(ProjectConfigurationPlatforms) = postSolution
		{8704F1B4-6B36-4712-A165-42C47E23A311}.Debug|Any CPU.ActiveCfg = Debug|Any CPU
		{8704F1B4-6B36-4712-A165-42C47E23A311}.Debug|Any CPU.Build.0 = Debug|Any CPU
		{8704F1B4-6B36-4712-A165-42C47E23A311}.Release|Any CPU.ActiveCfg = Release|Any CPU
		{8704F1B4-6B36-4712-A165-42C47E23A311}.Release|Any CPU.Build.0 = Release|Any CPU
	EndGlobalSection
	GlobalSection(SolutionProperties) = preSolution
		HideSolutionNode = FALSE
	EndGlobalSection
	GlobalSection(ExtensibilityGlobals) = postSolution
		SolutionGuid = {461833CD-7C83-4C72-A75A-C202FDE6A008}
	EndGlobalSection
EndGlobal
